# This file is autogenerated, do not edit; changes may be undone by the next 'dep ensure'.


[[projects]]
  digest = "1:5e73b34a27d827212102605789de00bd411b2e434812133c83935fe9897c75e1"
  name = "github.com/philhofer/fwd"
  packages = ["."]
  pruneopts = "UT"
  revision = "bb6d471dc95d4fe11e432687f8b70ff496cf3136"
  version = "v1.0.0"

[[projects]]
  branch = "master"
  digest = "1:ea2079b3d6e71db0992f3d12d72587a2aea2810e7e925539ead073b6691cf3aa"
  name = "github.com/savsgio/gotils"
  packages = ["."]
  pruneopts = "UT"
  revision = "3c5ca22740af22a0a38d3ec485fd4c44f7e003df"

[[projects]]
  branch = "master"
  digest = "1:3cb6dfe7cdece5716b1c3c3c0b5faf7fce2e83e2758e2baad2e9986d101980b8"
  name = "github.com/tinylib/msgp"
  packages = ["msgp"]
  pruneopts = "UT"
  revision = "f65876d3ea05943d6613bca6b8ed391843044bd4"

[solve-meta]
  analyzer-name = "dep"
  analyzer-version = 1
  input-imports = [
    "github.com/savsgio/gotils",
    "github.com/tinylib/msgp/msgp",
  ]
  solver-name = "gps-cdcl"
  solver-version = 1
